
Microsoft Visual Studio Solution File, Format Version 12.00
# Visual Studio 15
VisualStudioVersion = 15.0.28010.2003
MinimumVisualStudioVersion = 10.0.40219.1
Project("{FAE04EC0-301F-11D3-BF4B-00C04F79EFBC}") = "DealOrNoDealTwo.MVC", "..\Deal Or No Deal\DealOrNoDealTwo.MVC\DealOrNoDealTwo.MVC\DealOrNoDealTwo.MVC.csproj", "{EB1657E8-D490-4A04-9B30-2A24C40968C5}"
EndProject
Project("{FAE04EC0-301F-11D3-BF4B-00C04F79EFBC}") = "DealOrNoDealTwo.Data", "..\Deal Or No Deal\DealOrNoDealTwo.MVC\DealOrNoDealTwo.Data\DealOrNoDealTwo.Data.csproj", "{A5C4D1F6-1E3E-4ACC-82D8-B83D7DC6F72B}"
EndProject
Project("{FAE04EC0-301F-11D3-BF4B-00C04F79EFBC}") = "DealOrNoDealTwo.Domain", "..\Deal Or No Deal\DealOrNoDealTwo.MVC\DealOrNoDealTwo.Domain\DealOrNoDealTwo.Domain.csproj", "{61868FD1-3DEB-4DF6-9E69-9AF41D22582C}"
EndProject
Project("{FAE04EC0-301F-11D3-BF4B-00C04F79EFBC}") = "DealOrNoDealTwo.Tests", "..\Deal Or No Deal\DealOrNoDealTwo.MVC\DealOrNoDealTwo.Tests\DealOrNoDealTwo.Tests.csproj", "{231AC4BF-73CC-4133-9C63-44073E016589}"
EndProject
Global
	GlobalSection(SolutionConfigurationPlatforms) = preSolution
		Debug|Any CPU = Debug|Any CPU
		Release|Any CPU = Release|Any CPU
	EndGlobalSection
	GlobalSection(ProjectConfigurationPlatforms) = postSolution
		{EB1657E8-D490-4A04-9B30-2A24C40968C5}.Debug|Any CPU.ActiveCfg = Debug|Any CPU
		{EB1657E8-D490-4A04-9B30-2A24C40968C5}.Debug|Any CPU.Build.0 = Debug|Any CPU
		{EB1657E8-D490-4A04-9B30-2A24C40968C5}.Release|Any CPU.ActiveCfg = Release|Any CPU
		{EB1657E8-D490-4A04-9B30-2A24C40968C5}.Release|Any CPU.Build.0 = Release|Any CPU
		{A5C4D1F6-1E3E-4ACC-82D8-B83D7DC6F72B}.Debug|Any CPU.ActiveCfg = Debug|Any CPU
		{A5C4D1F6-1E3E-4ACC-82D8-B83D7DC6F72B}.Debug|Any CPU.Build.0 = Debug|Any CPU
		{A5C4D1F6-1E3E-4ACC-82D8-B83D7DC6F72B}.Release|Any CPU.ActiveCfg = Release|Any CPU
		{A5C4D1F6-1E3E-4ACC-82D8-B83D7DC6F72B}.Release|Any CPU.Build.0 = Release|Any CPU
		{61868FD1-3DEB-4DF6-9E69-9AF41D22582C}.Debug|Any CPU.ActiveCfg = Debug|Any CPU
		{61868FD1-3DEB-4DF6-9E69-9AF41D22582C}.Debug|Any CPU.Build.0 = Debug|Any CPU
		{61868FD1-3DEB-4DF6-9E69-9AF41D22582C}.Release|Any CPU.ActiveCfg = Release|Any CPU
		{61868FD1-3DEB-4DF6-9E69-9AF41D22582C}.Release|Any CPU.Build.0 = Release|Any CPU
		{231AC4BF-73CC-4133-9C63-44073E016589}.Debug|Any CPU.ActiveCfg = Debug|Any CPU
		{231AC4BF-73CC-4133-9C63-44073E016589}.Debug|Any CPU.Build.0 = Debug|Any CPU
		{231AC4BF-73CC-4133-9C63-44073E016589}.Release|Any CPU.ActiveCfg = Release|Any CPU
		{231AC4BF-73CC-4133-9C63-44073E016589}.Release|Any CPU.Build.0 = Release|Any CPU
	EndGlobalSection
	GlobalSection(SolutionProperties) = preSolution
		HideSolutionNode = FALSE
	EndGlobalSection
	GlobalSection(ExtensibilityGlobals) = postSolution
		SolutionGuid = {EAAB6E90-0D3A-4351-8E05-984625603C1B}
	EndGlobalSection
EndGlobal
