
Microsoft Visual Studio Solution File, Format Version 12.00
# Visual Studio 15
VisualStudioVersion = 15.0.27703.2047
MinimumVisualStudioVersion = 10.0.40219.1
Project("{FAE04EC0-301F-11D3-BF4B-00C04F79EFBC}") = "Flooring Project", "Flooring Project\Flooring Project.csproj", "{02E67828-9071-4E01-A782-B5B58B83D805}"
EndProject
Project("{FAE04EC0-301F-11D3-BF4B-00C04F79EFBC}") = "Flooring Project.Tests", "Flooring Project.Tests\Flooring Project.Tests.csproj", "{615DDDF0-6F3D-4E31-AB18-6A54A5AB8C79}"
EndProject
Global
	GlobalSection(SolutionConfigurationPlatforms) = preSolution
		Debug|Any CPU = Debug|Any CPU
		Release|Any CPU = Release|Any CPU
	EndGlobalSection
	GlobalSection(ProjectConfigurationPlatforms) = postSolution
		{02E67828-9071-4E01-A782-B5B58B83D805}.Debug|Any CPU.ActiveCfg = Debug|Any CPU
		{02E67828-9071-4E01-A782-B5B58B83D805}.Debug|Any CPU.Build.0 = Debug|Any CPU
		{02E67828-9071-4E01-A782-B5B58B83D805}.Release|Any CPU.ActiveCfg = Release|Any CPU
		{02E67828-9071-4E01-A782-B5B58B83D805}.Release|Any CPU.Build.0 = Release|Any CPU
		{615DDDF0-6F3D-4E31-AB18-6A54A5AB8C79}.Debug|Any CPU.ActiveCfg = Debug|Any CPU
		{615DDDF0-6F3D-4E31-AB18-6A54A5AB8C79}.Debug|Any CPU.Build.0 = Debug|Any CPU
		{615DDDF0-6F3D-4E31-AB18-6A54A5AB8C79}.Release|Any CPU.ActiveCfg = Release|Any CPU
		{615DDDF0-6F3D-4E31-AB18-6A54A5AB8C79}.Release|Any CPU.Build.0 = Release|Any CPU
	EndGlobalSection
	GlobalSection(SolutionProperties) = preSolution
		HideSolutionNode = FALSE
	EndGlobalSection
	GlobalSection(ExtensibilityGlobals) = postSolution
		SolutionGuid = {14646F19-174B-4C9A-9C9C-B4218A9D30C6}
	EndGlobalSection
EndGlobal
